
Microsoft Visual Studio Solution File, Format Version 11.00
# Visual Studio 2010
Project("{FAE04EC0-301F-11D3-BF4B-00C04F79EFBC}") = "Chicken Game", "Assembly-CSharp.csproj", "{66012487-2F13-AC7A-0FA2-FE382AA73E40}"
EndProject
Project("{FAE04EC0-301F-11D3-BF4B-00C04F79EFBC}") = "Chicken Game", "Assembly-CSharp-Editor.csproj", "{F33C5267-AD88-F171-C048-6D7EAB3EFC68}"
EndProject
Global
	GlobalSection(SolutionConfigurationPlatforms) = preSolution
		Debug|Any CPU = Debug|Any CPU
		Release|Any CPU = Release|Any CPU
	EndGlobalSection
	GlobalSection(ProjectConfigurationPlatforms) = postSolution
		{66012487-2F13-AC7A-0FA2-FE382AA73E40}.Debug|Any CPU.ActiveCfg = Debug|Any CPU
		{66012487-2F13-AC7A-0FA2-FE382AA73E40}.Debug|Any CPU.Build.0 = Debug|Any CPU
		{66012487-2F13-AC7A-0FA2-FE382AA73E40}.Release|Any CPU.ActiveCfg = Release|Any CPU
		{66012487-2F13-AC7A-0FA2-FE382AA73E40}.Release|Any CPU.Build.0 = Release|Any CPU
		{F33C5267-AD88-F171-C048-6D7EAB3EFC68}.Debug|Any CPU.ActiveCfg = Debug|Any CPU
		{F33C5267-AD88-F171-C048-6D7EAB3EFC68}.Debug|Any CPU.Build.0 = Debug|Any CPU
		{F33C5267-AD88-F171-C048-6D7EAB3EFC68}.Release|Any CPU.ActiveCfg = Release|Any CPU
		{F33C5267-AD88-F171-C048-6D7EAB3EFC68}.Release|Any CPU.Build.0 = Release|Any CPU
	EndGlobalSection
	GlobalSection(SolutionProperties) = preSolution
		HideSolutionNode = FALSE
	EndGlobalSection
	GlobalSection(MonoDevelopProperties) = preSolution
		StartupItem = Assembly-CSharp.csproj
	EndGlobalSection
EndGlobal
